
Microsoft Visual Studio Solution File, Format Version 12.00
# Visual Studio Version 17
VisualStudioVersion = 17.5.33530.505
MinimumVisualStudioVersion = 10.0.40219.1
Project("{2150E333-8FDC-42A3-9474-1A3956D46DE8}") = "BookingService", "BookingService", "{6F44EBD0-8CEB-4DDD-8BD3-A41255E2CE05}"
EndProject
Project("{2150E333-8FDC-42A3-9474-1A3956D46DE8}") = "PaymentService", "PaymentService", "{E4A30FA1-E7D2-4623-97A6-04AE8177D6A1}"
EndProject
Project("{2150E333-8FDC-42A3-9474-1A3956D46DE8}") = "Core", "Core", "{6D6DC213-C954-4B9B-A4E7-4AF92F102EEC}"
EndProject
Project("{2150E333-8FDC-42A3-9474-1A3956D46DE8}") = "Domain", "Domain", "{C2B29FEF-B48E-446D-B20A-A70CF95B1CEC}"
EndProject
Project("{2150E333-8FDC-42A3-9474-1A3956D46DE8}") = "Application", "Application", "{CB11893B-BC5A-4FDB-9A4F-D05654B0E811}"
EndProject
Project("{2150E333-8FDC-42A3-9474-1A3956D46DE8}") = "Adapters", "Adapters", "{CE73C079-8F68-439C-8378-30F84BCA1606}"
EndProject
Project("{2150E333-8FDC-42A3-9474-1A3956D46DE8}") = "Consumers", "Consumers", "{F4BA58E7-0145-49A9-9DD8-F231B78D045C}"
EndProject
Project("{2150E333-8FDC-42A3-9474-1A3956D46DE8}") = "Tests", "Tests", "{03536F93-31C9-4478-8B4C-CA257C67C9ED}"
EndProject
Project("{9A19103F-16F7-4668-BE54-9A1E7A4F7556}") = "Application", "BookingService\Core\Application\Application.csproj", "{EB02B9F3-4E99-4F77-ADEC-C86D19E110F1}"
EndProject
Project("{9A19103F-16F7-4668-BE54-9A1E7A4F7556}") = "Domain", "BookingService\Core\Domain\Domain.csproj", "{8E252829-F2FC-490E-881A-257CFC54BD62}"
EndProject
Project("{2150E333-8FDC-42A3-9474-1A3956D46DE8}") = "Domain", "Domain", "{A433FB89-BF25-43B1-B028-1AE791A3C73F}"
EndProject
Project("{2150E333-8FDC-42A3-9474-1A3956D46DE8}") = "Application", "Application", "{A9189B65-F9D5-4562-B4BC-BAD5490FB67C}"
EndProject
Project("{2150E333-8FDC-42A3-9474-1A3956D46DE8}") = "Adapters", "Adapters", "{4647776F-F309-48B8-8F2D-D26FCAC3F1CE}"
EndProject
Project("{9A19103F-16F7-4668-BE54-9A1E7A4F7556}") = "DomainTests", "BookingService\Tests\DomainTests\DomainTests.csproj", "{15A6E42E-4E1C-473F-BA48-3A5F2C916523}"
EndProject
Project("{9A19103F-16F7-4668-BE54-9A1E7A4F7556}") = "ApplicationTests", "BookingService\Tests\ApplicationTests\ApplicationTests.csproj", "{95045534-6F5A-42BE-9646-71D5A0BE33EB}"
EndProject
Project("{9A19103F-16F7-4668-BE54-9A1E7A4F7556}") = "AdaptersTests", "BookingService\Tests\AdaptersTests\AdaptersTests.csproj", "{8243E811-510C-4270-AA89-557D469EBB0E}"
EndProject
Project("{9A19103F-16F7-4668-BE54-9A1E7A4F7556}") = "API", "BookingService\Consumers\API\API.csproj", "{98E1274D-0B2B-4936-8A77-7FCBCAE52DC2}"
EndProject
Project("{9A19103F-16F7-4668-BE54-9A1E7A4F7556}") = "Data", "BookingService\Adapters\Data\Data.csproj", "{EF94C0CC-AB98-426B-947A-7F86DFE8A2BC}"
EndProject
Project("{2150E333-8FDC-42A3-9474-1A3956D46DE8}") = "Core", "Core", "{9AD64150-15F3-42A9-8508-0369E5875241}"
EndProject
Project("{2150E333-8FDC-42A3-9474-1A3956D46DE8}") = "Application", "Application", "{55271BCD-A808-4160-86D4-EBA07AE5D335}"
EndProject
Project("{2150E333-8FDC-42A3-9474-1A3956D46DE8}") = "Domain", "Domain", "{30804334-962B-4048-BB96-D4313AAD9DF1}"
EndProject
Project("{9A19103F-16F7-4668-BE54-9A1E7A4F7556}") = "PaymentsApplication", "PaymentService\Core\Application\PaymentsApplication.csproj", "{3F38CAB4-CF4D-43A9-B17B-D8AFBD586E35}"
EndProject
Project("{2150E333-8FDC-42A3-9474-1A3956D46DE8}") = "Tests", "Tests", "{10FA0F2C-8859-4053-B7DB-3742DC269A8D}"
EndProject
Project("{9A19103F-16F7-4668-BE54-9A1E7A4F7556}") = "Payments.UnitTests", "PaymentService\Tests\Payments.UnitTests\Payments.UnitTests.csproj", "{DB32E095-F548-4FB1-AC25-D3DB8ADBB735}"
EndProject
Global
	GlobalSection(SolutionConfigurationPlatforms) = preSolution
		Debug|Any CPU = Debug|Any CPU
		Release|Any CPU = Release|Any CPU
	EndGlobalSection
	GlobalSection(ProjectConfigurationPlatforms) = postSolution
		{EB02B9F3-4E99-4F77-ADEC-C86D19E110F1}.Debug|Any CPU.ActiveCfg = Debug|Any CPU
		{EB02B9F3-4E99-4F77-ADEC-C86D19E110F1}.Debug|Any CPU.Build.0 = Debug|Any CPU
		{EB02B9F3-4E99-4F77-ADEC-C86D19E110F1}.Release|Any CPU.ActiveCfg = Release|Any CPU
		{EB02B9F3-4E99-4F77-ADEC-C86D19E110F1}.Release|Any CPU.Build.0 = Release|Any CPU
		{8E252829-F2FC-490E-881A-257CFC54BD62}.Debug|Any CPU.ActiveCfg = Debug|Any CPU
		{8E252829-F2FC-490E-881A-257CFC54BD62}.Debug|Any CPU.Build.0 = Debug|Any CPU
		{8E252829-F2FC-490E-881A-257CFC54BD62}.Release|Any CPU.ActiveCfg = Release|Any CPU
		{8E252829-F2FC-490E-881A-257CFC54BD62}.Release|Any CPU.Build.0 = Release|Any CPU
		{15A6E42E-4E1C-473F-BA48-3A5F2C916523}.Debug|Any CPU.ActiveCfg = Debug|Any CPU
		{15A6E42E-4E1C-473F-BA48-3A5F2C916523}.Debug|Any CPU.Build.0 = Debug|Any CPU
		{15A6E42E-4E1C-473F-BA48-3A5F2C916523}.Release|Any CPU.ActiveCfg = Release|Any CPU
		{15A6E42E-4E1C-473F-BA48-3A5F2C916523}.Release|Any CPU.Build.0 = Release|Any CPU
		{95045534-6F5A-42BE-9646-71D5A0BE33EB}.Debug|Any CPU.ActiveCfg = Debug|Any CPU
		{95045534-6F5A-42BE-9646-71D5A0BE33EB}.Debug|Any CPU.Build.0 = Debug|Any CPU
		{95045534-6F5A-42BE-9646-71D5A0BE33EB}.Release|Any CPU.ActiveCfg = Release|Any CPU
		{95045534-6F5A-42BE-9646-71D5A0BE33EB}.Release|Any CPU.Build.0 = Release|Any CPU
		{8243E811-510C-4270-AA89-557D469EBB0E}.Debug|Any CPU.ActiveCfg = Debug|Any CPU
		{8243E811-510C-4270-AA89-557D469EBB0E}.Debug|Any CPU.Build.0 = Debug|Any CPU
		{8243E811-510C-4270-AA89-557D469EBB0E}.Release|Any CPU.ActiveCfg = Release|Any CPU
		{8243E811-510C-4270-AA89-557D469EBB0E}.Release|Any CPU.Build.0 = Release|Any CPU
		{98E1274D-0B2B-4936-8A77-7FCBCAE52DC2}.Debug|Any CPU.ActiveCfg = Debug|Any CPU
		{98E1274D-0B2B-4936-8A77-7FCBCAE52DC2}.Debug|Any CPU.Build.0 = Debug|Any CPU
		{98E1274D-0B2B-4936-8A77-7FCBCAE52DC2}.Release|Any CPU.ActiveCfg = Release|Any CPU
		{98E1274D-0B2B-4936-8A77-7FCBCAE52DC2}.Release|Any CPU.Build.0 = Release|Any CPU
		{EF94C0CC-AB98-426B-947A-7F86DFE8A2BC}.Debug|Any CPU.ActiveCfg = Debug|Any CPU
		{EF94C0CC-AB98-426B-947A-7F86DFE8A2BC}.Debug|Any CPU.Build.0 = Debug|Any CPU
		{EF94C0CC-AB98-426B-947A-7F86DFE8A2BC}.Release|Any CPU.ActiveCfg = Release|Any CPU
		{EF94C0CC-AB98-426B-947A-7F86DFE8A2BC}.Release|Any CPU.Build.0 = Release|Any CPU
		{3F38CAB4-CF4D-43A9-B17B-D8AFBD586E35}.Debug|Any CPU.ActiveCfg = Debug|Any CPU
		{3F38CAB4-CF4D-43A9-B17B-D8AFBD586E35}.Debug|Any CPU.Build.0 = Debug|Any CPU
		{3F38CAB4-CF4D-43A9-B17B-D8AFBD586E35}.Release|Any CPU.ActiveCfg = Release|Any CPU
		{3F38CAB4-CF4D-43A9-B17B-D8AFBD586E35}.Release|Any CPU.Build.0 = Release|Any CPU
		{DB32E095-F548-4FB1-AC25-D3DB8ADBB735}.Debug|Any CPU.ActiveCfg = Debug|Any CPU
		{DB32E095-F548-4FB1-AC25-D3DB8ADBB735}.Debug|Any CPU.Build.0 = Debug|Any CPU
		{DB32E095-F548-4FB1-AC25-D3DB8ADBB735}.Release|Any CPU.ActiveCfg = Release|Any CPU
		{DB32E095-F548-4FB1-AC25-D3DB8ADBB735}.Release|Any CPU.Build.0 = Release|Any CPU
	EndGlobalSection
	GlobalSection(SolutionProperties) = preSolution
		HideSolutionNode = FALSE
	EndGlobalSection
	GlobalSection(NestedProjects) = preSolution
		{6D6DC213-C954-4B9B-A4E7-4AF92F102EEC} = {6F44EBD0-8CEB-4DDD-8BD3-A41255E2CE05}
		{C2B29FEF-B48E-446D-B20A-A70CF95B1CEC} = {6D6DC213-C954-4B9B-A4E7-4AF92F102EEC}
		{CB11893B-BC5A-4FDB-9A4F-D05654B0E811} = {6D6DC213-C954-4B9B-A4E7-4AF92F102EEC}
		{CE73C079-8F68-439C-8378-30F84BCA1606} = {6F44EBD0-8CEB-4DDD-8BD3-A41255E2CE05}
		{F4BA58E7-0145-49A9-9DD8-F231B78D045C} = {6F44EBD0-8CEB-4DDD-8BD3-A41255E2CE05}
		{03536F93-31C9-4478-8B4C-CA257C67C9ED} = {6F44EBD0-8CEB-4DDD-8BD3-A41255E2CE05}
		{EB02B9F3-4E99-4F77-ADEC-C86D19E110F1} = {CB11893B-BC5A-4FDB-9A4F-D05654B0E811}
		{8E252829-F2FC-490E-881A-257CFC54BD62} = {C2B29FEF-B48E-446D-B20A-A70CF95B1CEC}
		{A433FB89-BF25-43B1-B028-1AE791A3C73F} = {03536F93-31C9-4478-8B4C-CA257C67C9ED}
		{A9189B65-F9D5-4562-B4BC-BAD5490FB67C} = {03536F93-31C9-4478-8B4C-CA257C67C9ED}
		{4647776F-F309-48B8-8F2D-D26FCAC3F1CE} = {03536F93-31C9-4478-8B4C-CA257C67C9ED}
		{15A6E42E-4E1C-473F-BA48-3A5F2C916523} = {A433FB89-BF25-43B1-B028-1AE791A3C73F}
		{95045534-6F5A-42BE-9646-71D5A0BE33EB} = {A9189B65-F9D5-4562-B4BC-BAD5490FB67C}
		{8243E811-510C-4270-AA89-557D469EBB0E} = {4647776F-F309-48B8-8F2D-D26FCAC3F1CE}
		{98E1274D-0B2B-4936-8A77-7FCBCAE52DC2} = {F4BA58E7-0145-49A9-9DD8-F231B78D045C}
		{EF94C0CC-AB98-426B-947A-7F86DFE8A2BC} = {CE73C079-8F68-439C-8378-30F84BCA1606}
		{9AD64150-15F3-42A9-8508-0369E5875241} = {E4A30FA1-E7D2-4623-97A6-04AE8177D6A1}
		{55271BCD-A808-4160-86D4-EBA07AE5D335} = {9AD64150-15F3-42A9-8508-0369E5875241}
		{30804334-962B-4048-BB96-D4313AAD9DF1} = {9AD64150-15F3-42A9-8508-0369E5875241}
		{3F38CAB4-CF4D-43A9-B17B-D8AFBD586E35} = {55271BCD-A808-4160-86D4-EBA07AE5D335}
		{10FA0F2C-8859-4053-B7DB-3742DC269A8D} = {E4A30FA1-E7D2-4623-97A6-04AE8177D6A1}
		{DB32E095-F548-4FB1-AC25-D3DB8ADBB735} = {10FA0F2C-8859-4053-B7DB-3742DC269A8D}
	EndGlobalSection
	GlobalSection(ExtensibilityGlobals) = postSolution
		SolutionGuid = {FC434A78-B416-4F86-8B97-C355FF823EF0}
	EndGlobalSection
EndGlobal
